
Microsoft Visual Studio Solution File, Format Version 12.00
# Visual Studio Version 17
VisualStudioVersion = 17.0.31903.59
MinimumVisualStudioVersion = 10.0.40219.1
Project("{FAE04EC0-301F-11D3-BF4B-00C04F79EFBC}") = "lab30v5", "lab30v5\lab30v5.csproj", "{D73F9841-2221-4720-B674-4472F3E48125}"
EndProject
Project("{FAE04EC0-301F-11D3-BF4B-00C04F79EFBC}") = "lab30v5.Tests", "lab30v5.Tests\lab30v5.Tests.csproj", "{958ECFC1-80B5-4507-9493-5ADCFE75F82A}"
EndProject
Global
	GlobalSection(SolutionConfigurationPlatforms) = preSolution
		Debug|Any CPU = Debug|Any CPU
		Release|Any CPU = Release|Any CPU
	EndGlobalSection
	GlobalSection(SolutionProperties) = preSolution
		HideSolutionNode = FALSE
	EndGlobalSection
	GlobalSection(ProjectConfigurationPlatforms) = postSolution
		{D73F9841-2221-4720-B674-4472F3E48125}.Debug|Any CPU.ActiveCfg = Debug|Any CPU
		{D73F9841-2221-4720-B674-4472F3E48125}.Debug|Any CPU.Build.0 = Debug|Any CPU
		{D73F9841-2221-4720-B674-4472F3E48125}.Release|Any CPU.ActiveCfg = Release|Any CPU
		{D73F9841-2221-4720-B674-4472F3E48125}.Release|Any CPU.Build.0 = Release|Any CPU
		{958ECFC1-80B5-4507-9493-5ADCFE75F82A}.Debug|Any CPU.ActiveCfg = Debug|Any CPU
		{958ECFC1-80B5-4507-9493-5ADCFE75F82A}.Debug|Any CPU.Build.0 = Debug|Any CPU
		{958ECFC1-80B5-4507-9493-5ADCFE75F82A}.Release|Any CPU.ActiveCfg = Release|Any CPU
		{958ECFC1-80B5-4507-9493-5ADCFE75F82A}.Release|Any CPU.Build.0 = Release|Any CPU
	EndGlobalSection
EndGlobal
