Microsoft Visual Studio Solution File, Format Version 12.00
# Visual Studio Version 17
VisualStudioVersion = 17.5.2.0
MinimumVisualStudioVersion = 10.0.40219.1
Project("{FAE04EC0-301F-11D3-BF4B-00C04F79EFBC}") = "lab2v14", "lab2v14.csproj", "{01766422-FF3F-65B7-6E29-4F3CE6B1DA44}"
EndProject
Global
	GlobalSection(SolutionConfigurationPlatforms) = preSolution
		Debug|Any CPU = Debug|Any CPU
		Release|Any CPU = Release|Any CPU
	EndGlobalSection
	GlobalSection(ProjectConfigurationPlatforms) = postSolution
		{01766422-FF3F-65B7-6E29-4F3CE6B1DA44}.Debug|Any CPU.ActiveCfg = Debug|Any CPU
		{01766422-FF3F-65B7-6E29-4F3CE6B1DA44}.Debug|Any CPU.Build.0 = Debug|Any CPU
		{01766422-FF3F-65B7-6E29-4F3CE6B1DA44}.Release|Any CPU.ActiveCfg = Release|Any CPU
		{01766422-FF3F-65B7-6E29-4F3CE6B1DA44}.Release|Any CPU.Build.0 = Release|Any CPU
	EndGlobalSection
	GlobalSection(SolutionProperties) = preSolution
		HideSolutionNode = FALSE
	EndGlobalSection
	GlobalSection(ExtensibilityGlobals) = postSolution
		SolutionGuid = {6CE5A187-8BAE-4212-A803-3B7B24D8978E}
	EndGlobalSection
EndGlobal
